// !$*UTF8*$!
{
	archiveVersion = 1;
	classes = {
	};
	objectVersion = 48;
	objects = {

/* Begin PBXBuildFile section */
		3B243B211F77518200BBF4E5 /* User.swift in Sources */ = {isa = PBXBuildFile; fileRef = 3B243B201F77518200BBF4E5 /* User.swift */; };
		3B243B231F77531C00BBF4E5 /* Grocery.swift in Sources */ = {isa = PBXBuildFile; fileRef = 3B243B221F77531C00BBF4E5 /* Grocery.swift */; };
		3B243B251F77538200BBF4E5 /* OrderRequest.swift in Sources */ = {isa = PBXBuildFile; fileRef = 3B243B241F77538200BBF4E5 /* OrderRequest.swift */; };
		3B243B271F77546C00BBF4E5 /* OrderUpdate.swift in Sources */ = {isa = PBXBuildFile; fileRef = 3B243B261F77546C00BBF4E5 /* OrderUpdate.swift */; };
		3B243B291F77559F00BBF4E5 /* Location.swift in Sources */ = {isa = PBXBuildFile; fileRef = 3B243B281F77559F00BBF4E5 /* Location.swift */; };
		3B243B2C1F77562800BBF4E5 /* AuthController.swift in Sources */ = {isa = PBXBuildFile; fileRef = 3B243B2B1F77562800BBF4E5 /* AuthController.swift */; };
		3B243B2E1F775ACC00BBF4E5 /* GroceryController.swift in Sources */ = {isa = PBXBuildFile; fileRef = 3B243B2D1F775ACC00BBF4E5 /* GroceryController.swift */; };
		3B3AEEA61F776070000D8458 /* OrdersController.swift in Sources */ = {isa = PBXBuildFile; fileRef = 3B3AEEA51F776070000D8458 /* OrdersController.swift */; };
		3B62534C1F76FD4200912845 /* WhiteHouse.gpx in Resources */ = {isa = PBXBuildFile; fileRef = 3B62534B1F76FD4200912845 /* WhiteHouse.gpx */; };
		3B62534E1F77191C00912845 /* GoogleService-Info.plist in Resources */ = {isa = PBXBuildFile; fileRef = 3B62534D1F77191C00912845 /* GoogleService-Info.plist */; };
		3B6253521F7719E300912845 /* SignupViewController.swift in Sources */ = {isa = PBXBuildFile; fileRef = 3B6253511F7719E300912845 /* SignupViewController.swift */; };
		3B8127AC1F773042000B556A /* ProfileViewController.swift in Sources */ = {isa = PBXBuildFile; fileRef = 3B8127AB1F773042000B556A /* ProfileViewController.swift */; };
		3B8127AF1F77479F000B556A /* GroceriesViewController.swift in Sources */ = {isa = PBXBuildFile; fileRef = 3B8127AE1F77479F000B556A /* GroceriesViewController.swift */; };
		3BCB72F31F76E94F0073A991 /* AppDelegate.swift in Sources */ = {isa = PBXBuildFile; fileRef = 3BCB72F21F76E94F0073A991 /* AppDelegate.swift */; };
		3BCB72F51F76E94F0073A991 /* LoginViewController.swift in Sources */ = {isa = PBXBuildFile; fileRef = 3BCB72F41F76E94F0073A991 /* LoginViewController.swift */; };
		3BCB72F81F76E94F0073A991 /* Main.storyboard in Resources */ = {isa = PBXBuildFile; fileRef = 3BCB72F61F76E94F0073A991 /* Main.storyboard */; };
		3BCB72FA1F76E94F0073A991 /* Assets.xcassets in Resources */ = {isa = PBXBuildFile; fileRef = 3BCB72F91F76E94F0073A991 /* Assets.xcassets */; };
		3BCB72FD1F76E94F0073A991 /* LaunchScreen.storyboard in Resources */ = {isa = PBXBuildFile; fileRef = 3BCB72FB1F76E94F0073A991 /* LaunchScreen.storyboard */; };
		3BD520181F77247400CDCF4C /* MapViewController.swift in Sources */ = {isa = PBXBuildFile; fileRef = 3BD520171F77247400CDCF4C /* MapViewController.swift */; };
		B57273CC20A65F97A90B766E /* Pods_locationApp.framework in Frameworks */ = {isa = PBXBuildFile; fileRef = 0A75A3E747089DDD7493E708 /* Pods_locationApp.framework */; };
/* End PBXBuildFile section */

/* Begin PBXFileReference section */
		0A75A3E747089DDD7493E708 /* Pods_locationApp.framework */ = {isa = PBXFileReference; explicitFileType = wrapper.framework; includeInIndex = 0; path = Pods_locationApp.framework; sourceTree = BUILT_PRODUCTS_DIR; };
		3B243B201F77518200BBF4E5 /* User.swift */ = {isa = PBXFileReference; lastKnownFileType = sourcecode.swift; path = User.swift; sourceTree = "<group>"; };
		3B243B221F77531C00BBF4E5 /* Grocery.swift */ = {isa = PBXFileReference; lastKnownFileType = sourcecode.swift; path = Grocery.swift; sourceTree = "<group>"; };
		3B243B241F77538200BBF4E5 /* OrderRequest.swift */ = {isa = PBXFileReference; lastKnownFileType = sourcecode.swift; path = OrderRequest.swift; sourceTree = "<group>"; };
		3B243B261F77546C00BBF4E5 /* OrderUpdate.swift */ = {isa = PBXFileReference; lastKnownFileType = sourcecode.swift; path = OrderUpdate.swift; sourceTree = "<group>"; };
		3B243B281F77559F00BBF4E5 /* Location.swift */ = {isa = PBXFileReference; lastKnownFileType = sourcecode.swift; path = Location.swift; sourceTree = "<group>"; };
		3B243B2B1F77562800BBF4E5 /* AuthController.swift */ = {isa = PBXFileReference; lastKnownFileType = sourcecode.swift; path = AuthController.swift; sourceTree = "<group>"; };
		3B243B2D1F775ACC00BBF4E5 /* GroceryController.swift */ = {isa = PBXFileReference; lastKnownFileType = sourcecode.swift; path = GroceryController.swift; sourceTree = "<group>"; };
		3B3AEEA51F776070000D8458 /* OrdersController.swift */ = {isa = PBXFileReference; lastKnownFileType = sourcecode.swift; path = OrdersController.swift; sourceTree = "<group>"; };
		3B62534B1F76FD4200912845 /* WhiteHouse.gpx */ = {isa = PBXFileReference; lastKnownFileType = text; path = WhiteHouse.gpx; sourceTree = "<group>"; };
		3B62534D1F77191C00912845 /* GoogleService-Info.plist */ = {isa = PBXFileReference; fileEncoding = 4; lastKnownFileType = text.plist.xml; path = "GoogleService-Info.plist"; sourceTree = "<group>"; };
		3B6253511F7719E300912845 /* SignupViewController.swift */ = {isa = PBXFileReference; lastKnownFileType = sourcecode.swift; path = SignupViewController.swift; sourceTree = "<group>"; };
		3B8127AB1F773042000B556A /* ProfileViewController.swift */ = {isa = PBXFileReference; lastKnownFileType = sourcecode.swift; path = ProfileViewController.swift; sourceTree = "<group>"; };
		3B8127AE1F77479F000B556A /* GroceriesViewController.swift */ = {isa = PBXFileReference; lastKnownFileType = sourcecode.swift; path = GroceriesViewController.swift; sourceTree = "<group>"; };
		3BCB72EF1F76E94F0073A991 /* locationApp.app */ = {isa = PBXFileReference; explicitFileType = wrapper.application; includeInIndex = 0; path = locationApp.app; sourceTree = BUILT_PRODUCTS_DIR; };
		3BCB72F21F76E94F0073A991 /* AppDelegate.swift */ = {isa = PBXFileReference; lastKnownFileType = sourcecode.swift; path = AppDelegate.swift; sourceTree = "<group>"; };
		3BCB72F41F76E94F0073A991 /* LoginViewController.swift */ = {isa = PBXFileReference; lastKnownFileType = sourcecode.swift; path = LoginViewController.swift; sourceTree = "<group>"; };
		3BCB72F71F76E94F0073A991 /* Base */ = {isa = PBXFileReference; lastKnownFileType = file.storyboard; name = Base; path = Base.lproj/Main.storyboard; sourceTree = "<group>"; };
		3BCB72F91F76E94F0073A991 /* Assets.xcassets */ = {isa = PBXFileReference; lastKnownFileType = folder.assetcatalog; path = Assets.xcassets; sourceTree = "<group>"; };
		3BCB72FC1F76E94F0073A991 /* Base */ = {isa = PBXFileReference; lastKnownFileType = file.storyboard; name = Base; path = Base.lproj/LaunchScreen.storyboard; sourceTree = "<group>"; };
		3BCB72FE1F76E94F0073A991 /* Info.plist */ = {isa = PBXFileReference; lastKnownFileType = text.plist.xml; path = Info.plist; sourceTree = "<group>"; };
		3BD520171F77247400CDCF4C /* MapViewController.swift */ = {isa = PBXFileReference; lastKnownFileType = sourcecode.swift; path = MapViewController.swift; sourceTree = "<group>"; };
		6080D58213642E401D7FB070 /* Pods-locationApp.debug.xcconfig */ = {isa = PBXFileReference; includeInIndex = 1; lastKnownFileType = text.xcconfig; name = "Pods-locationApp.debug.xcconfig"; path = "Pods/Target Support Files/Pods-locationApp/Pods-locationApp.debug.xcconfig"; sourceTree = "<group>"; };
		CF30C13C7EBA62DA9F018697 /* Pods-locationApp.release.xcconfig */ = {isa = PBXFileReference; includeInIndex = 1; lastKnownFileType = text.xcconfig; name = "Pods-locationApp.release.xcconfig"; path = "Pods/Target Support Files/Pods-locationApp/Pods-locationApp.release.xcconfig"; sourceTree = "<group>"; };
/* End PBXFileReference section */

/* Begin PBXFrameworksBuildPhase section */
		3BCB72EC1F76E94F0073A991 /* Frameworks */ = {
			isa = PBXFrameworksBuildPhase;
			buildActionMask = 2147483647;
			files = (
				B57273CC20A65F97A90B766E /* Pods_locationApp.framework in Frameworks */,
			);
			runOnlyForDeploymentPostprocessing = 0;
		};
/* End PBXFrameworksBuildPhase section */

/* Begin PBXGroup section */
		3B243B1F1F77516E00BBF4E5 /* Model */ = {
			isa = PBXGroup;
			children = (
				3B243B201F77518200BBF4E5 /* User.swift */,
				3B243B221F77531C00BBF4E5 /* Grocery.swift */,
				3B243B241F77538200BBF4E5 /* OrderRequest.swift */,
				3B243B261F77546C00BBF4E5 /* OrderUpdate.swift */,
				3B243B281F77559F00BBF4E5 /* Location.swift */,
			);
			path = Model;
			sourceTree = "<group>";
		};
		3B243B2A1F77561700BBF4E5 /* Controllers */ = {
			isa = PBXGroup;
			children = (
				3B243B2B1F77562800BBF4E5 /* AuthController.swift */,
				3B243B2D1F775ACC00BBF4E5 /* GroceryController.swift */,
				3B3AEEA51F776070000D8458 /* OrdersController.swift */,
			);
			path = Controllers;
			sourceTree = "<group>";
		};
		3B62534F1F7719AF00912845 /* Login */ = {
			isa = PBXGroup;
			children = (
				3BCB72F41F76E94F0073A991 /* LoginViewController.swift */,
			);
			path = Login;
			sourceTree = "<group>";
		};
		3B6253501F7719B900912845 /* Signup */ = {
			isa = PBXGroup;
			children = (
				3B6253511F7719E300912845 /* SignupViewController.swift */,
			);
			path = Signup;
			sourceTree = "<group>";
		};
		3B8127AA1F773031000B556A /* Profile */ = {
			isa = PBXGroup;
			children = (
				3B8127AB1F773042000B556A /* ProfileViewController.swift */,
			);
			path = Profile;
			sourceTree = "<group>";
		};
		3B8127AD1F774788000B556A /* Groceries */ = {
			isa = PBXGroup;
			children = (
				3B8127AE1F77479F000B556A /* GroceriesViewController.swift */,
			);
			path = Groceries;
			sourceTree = "<group>";
		};
		3BCB72E61F76E94F0073A991 = {
			isa = PBXGroup;
			children = (
				3BCB72F11F76E94F0073A991 /* locationApp */,
				3BCB72F01F76E94F0073A991 /* Products */,
				B7A67B8EE3D77F0D34062F9E /* Pods */,
				4FF4DDD626638A94D1D1BC93 /* Frameworks */,
			);
			sourceTree = "<group>";
		};
		3BCB72F01F76E94F0073A991 /* Products */ = {
			isa = PBXGroup;
			children = (
				3BCB72EF1F76E94F0073A991 /* locationApp.app */,
			);
			name = Products;
			sourceTree = "<group>";
		};
		3BCB72F11F76E94F0073A991 /* locationApp */ = {
			isa = PBXGroup;
			children = (
				3B243B2A1F77561700BBF4E5 /* Controllers */,
				3B243B1F1F77516E00BBF4E5 /* Model */,
				3B8127AD1F774788000B556A /* Groceries */,
				3B8127AA1F773031000B556A /* Profile */,
				3BD520161F77246300CDCF4C /* Map */,
				3B6253501F7719B900912845 /* Signup */,
				3B62534F1F7719AF00912845 /* Login */,
				3B62534D1F77191C00912845 /* GoogleService-Info.plist */,
				3BCB72F21F76E94F0073A991 /* AppDelegate.swift */,
				3BCB72F61F76E94F0073A991 /* Main.storyboard */,
				3BCB72F91F76E94F0073A991 /* Assets.xcassets */,
				3BCB72FB1F76E94F0073A991 /* LaunchScreen.storyboard */,
				3BCB72FE1F76E94F0073A991 /* Info.plist */,
				3B62534B1F76FD4200912845 /* WhiteHouse.gpx */,
			);
			path = locationApp;
			sourceTree = "<group>";
		};
		3BD520161F77246300CDCF4C /* Map */ = {
			isa = PBXGroup;
			children = (
				3BD520171F77247400CDCF4C /* MapViewController.swift */,
			);
			path = Map;
			sourceTree = "<group>";
		};
		4FF4DDD626638A94D1D1BC93 /* Frameworks */ = {
			isa = PBXGroup;
			children = (
				0A75A3E747089DDD7493E708 /* Pods_locationApp.framework */,
			);
			name = Frameworks;
			sourceTree = "<group>";
		};
		B7A67B8EE3D77F0D34062F9E /* Pods */ = {
			isa = PBXGroup;
			children = (
				6080D58213642E401D7FB070 /* Pods-locationApp.debug.xcconfig */,
				CF30C13C7EBA62DA9F018697 /* Pods-locationApp.release.xcconfig */,
			);
			name = Pods;
			sourceTree = "<group>";
		};
/* End PBXGroup section */

/* Begin PBXNativeTarget section */
		3BCB72EE1F76E94F0073A991 /* locationApp */ = {
			isa = PBXNativeTarget;
			buildConfigurationList = 3BCB73011F76E94F0073A991 /* Build configuration list for PBXNativeTarget "locationApp" */;
			buildPhases = (
				1F49319D9736B8B56F3ACAB9 /* [CP] Check Pods Manifest.lock */,
				3BCB72EB1F76E94F0073A991 /* Sources */,
				3BCB72EC1F76E94F0073A991 /* Frameworks */,
				3BCB72ED1F76E94F0073A991 /* Resources */,
				B3C4805C8F081A3003E0D9C8 /* [CP] Embed Pods Frameworks */,
				C0364E7B4667251492EDECDC /* [CP] Copy Pods Resources */,
			);
			buildRules = (
			);
			dependencies = (
			);
			name = locationApp;
			productName = locationApp;
			productReference = 3BCB72EF1F76E94F0073A991 /* locationApp.app */;
			productType = "com.apple.product-type.application";
		};
/* End PBXNativeTarget section */

/* Begin PBXProject section */
		3BCB72E71F76E94F0073A991 /* Project object */ = {
			isa = PBXProject;
			attributes = {
				LastSwiftUpdateCheck = 0900;
				LastUpgradeCheck = 0900;
				ORGANIZATIONNAME = desmond.ang.a0093896H;
				TargetAttributes = {
					3BCB72EE1F76E94F0073A991 = {
						CreatedOnToolsVersion = 9.0;
						ProvisioningStyle = Automatic;
						SystemCapabilities = {
							com.apple.BackgroundModes = {
								enabled = 1;
							};
						};
					};
				};
			};
			buildConfigurationList = 3BCB72EA1F76E94F0073A991 /* Build configuration list for PBXProject "locationApp" */;
			compatibilityVersion = "Xcode 8.0";
			developmentRegion = en;
			hasScannedForEncodings = 0;
			knownRegions = (
				en,
				Base,
			);
			mainGroup = 3BCB72E61F76E94F0073A991;
			productRefGroup = 3BCB72F01F76E94F0073A991 /* Products */;
			projectDirPath = "";
			projectRoot = "";
			targets = (
				3BCB72EE1F76E94F0073A991 /* locationApp */,
			);
		};
/* End PBXProject section */

/* Begin PBXResourcesBuildPhase section */
		3BCB72ED1F76E94F0073A991 /* Resources */ = {
			isa = PBXResourcesBuildPhase;
			buildActionMask = 2147483647;
			files = (
				3B62534C1F76FD4200912845 /* WhiteHouse.gpx in Resources */,
				3BCB72FD1F76E94F0073A991 /* LaunchScreen.storyboard in Resources */,
				3B62534E1F77191C00912845 /* GoogleService-Info.plist in Resources */,
				3BCB72FA1F76E94F0073A991 /* Assets.xcassets in Resources */,
				3BCB72F81F76E94F0073A991 /* Main.storyboard in Resources */,
			);
			runOnlyForDeploymentPostprocessing = 0;
		};
/* End PBXResourcesBuildPhase section */

/* Begin PBXShellScriptBuildPhase section */
		1F49319D9736B8B56F3ACAB9 /* [CP] Check Pods Manifest.lock */ = {
			isa = PBXShellScriptBuildPhase;
			buildActionMask = 2147483647;
			files = (
			);
			inputPaths = (
				"${PODS_PODFILE_DIR_PATH}/Podfile.lock",
				"${PODS_ROOT}/Manifest.lock",
			);
			name = "[CP] Check Pods Manifest.lock";
			outputPaths = (
				"$(DERIVED_FILE_DIR)/Pods-locationApp-checkManifestLockResult.txt",
			);
			runOnlyForDeploymentPostprocessing = 0;
			shellPath = /bin/sh;
			shellScript = "diff \"${PODS_PODFILE_DIR_PATH}/Podfile.lock\" \"${PODS_ROOT}/Manifest.lock\" > /dev/null\nif [ $? != 0 ] ; then\n    # print error to STDERR\n    echo \"error: The sandbox is not in sync with the Podfile.lock. Run 'pod install' or update your CocoaPods installation.\" >&2\n    exit 1\nfi\n# This output is used by Xcode 'outputs' to avoid re-running this script phase.\necho \"SUCCESS\" > \"${SCRIPT_OUTPUT_FILE_0}\"\n";
			showEnvVarsInLog = 0;
		};
		B3C4805C8F081A3003E0D9C8 /* [CP] Embed Pods Frameworks */ = {
			isa = PBXShellScriptBuildPhase;
			buildActionMask = 2147483647;
			files = (
			);
			inputPaths = (
				"${SRCROOT}/Pods/Target Support Files/Pods-locationApp/Pods-locationApp-frameworks.sh",
				"${BUILT_PRODUCTS_DIR}/Alamofire/Alamofire.framework",
				"${BUILT_PRODUCTS_DIR}/CocoaAsyncSocket/CocoaAsyncSocket.framework",
				"${BUILT_PRODUCTS_DIR}/GTMSessionFetcher/GTMSessionFetcher.framework",
				"${BUILT_PRODUCTS_DIR}/GoogleToolboxForMac/GoogleToolboxForMac.framework",
				"${BUILT_PRODUCTS_DIR}/GzipSwift/Gzip.framework",
				"${BUILT_PRODUCTS_DIR}/HyperTrack/HyperTrack.framework",
				"${BUILT_PRODUCTS_DIR}/JustLog/JustLog.framework",
				"${BUILT_PRODUCTS_DIR}/SQLite.swift/SQLite.framework",
				"${BUILT_PRODUCTS_DIR}/SwiftyBeaver/SwiftyBeaver.framework",
				"${BUILT_PRODUCTS_DIR}/leveldb-library/leveldb.framework",
				"${BUILT_PRODUCTS_DIR}/nanopb/nanopb.framework",
			);
			name = "[CP] Embed Pods Frameworks";
			outputPaths = (
				"${TARGET_BUILD_DIR}/${FRAMEWORKS_FOLDER_PATH}/Alamofire.framework",
				"${TARGET_BUILD_DIR}/${FRAMEWORKS_FOLDER_PATH}/CocoaAsyncSocket.framework",
				"${TARGET_BUILD_DIR}/${FRAMEWORKS_FOLDER_PATH}/GTMSessionFetcher.framework",
				"${TARGET_BUILD_DIR}/${FRAMEWORKS_FOLDER_PATH}/GoogleToolboxForMac.framework",
				"${TARGET_BUILD_DIR}/${FRAMEWORKS_FOLDER_PATH}/Gzip.framework",
				"${TARGET_BUILD_DIR}/${FRAMEWORKS_FOLDER_PATH}/HyperTrack.framework",
				"${TARGET_BUILD_DIR}/${FRAMEWORKS_FOLDER_PATH}/JustLog.framework",
				"${TARGET_BUILD_DIR}/${FRAMEWORKS_FOLDER_PATH}/SQLite.framework",
				"${TARGET_BUILD_DIR}/${FRAMEWORKS_FOLDER_PATH}/SwiftyBeaver.framework",
				"${TARGET_BUILD_DIR}/${FRAMEWORKS_FOLDER_PATH}/leveldb.framework",
				"${TARGET_BUILD_DIR}/${FRAMEWORKS_FOLDER_PATH}/nanopb.framework",
			);
			runOnlyForDeploymentPostprocessing = 0;
			shellPath = /bin/sh;
			shellScript = "\"${SRCROOT}/Pods/Target Support Files/Pods-locationApp/Pods-locationApp-frameworks.sh\"\n";
			showEnvVarsInLog = 0;
		};
		C0364E7B4667251492EDECDC /* [CP] Copy Pods Resources */ = {
			isa = PBXShellScriptBuildPhase;
			buildActionMask = 2147483647;
			files = (
			);
			inputPaths = (
			);
			name = "[CP] Copy Pods Resources";
			outputPaths = (
			);
			runOnlyForDeploymentPostprocessing = 0;
			shellPath = /bin/sh;
			shellScript = "\"${SRCROOT}/Pods/Target Support Files/Pods-locationApp/Pods-locationApp-resources.sh\"\n";
			showEnvVarsInLog = 0;
		};
/* End PBXShellScriptBuildPhase section */

/* Begin PBXSourcesBuildPhase section */
		3BCB72EB1F76E94F0073A991 /* Sources */ = {
			isa = PBXSourcesBuildPhase;
			buildActionMask = 2147483647;
			files = (
				3B8127AF1F77479F000B556A /* GroceriesViewController.swift in Sources */,
				3B243B2C1F77562800BBF4E5 /* AuthController.swift in Sources */,
				3B243B291F77559F00BBF4E5 /* Location.swift in Sources */,
				3B243B2E1F775ACC00BBF4E5 /* GroceryController.swift in Sources */,
				3B3AEEA61F776070000D8458 /* OrdersController.swift in Sources */,
				3B6253521F7719E300912845 /* SignupViewController.swift in Sources */,
				3BCB72F51F76E94F0073A991 /* LoginViewController.swift in Sources */,
				3B243B251F77538200BBF4E5 /* OrderRequest.swift in Sources */,
				3B243B231F77531C00BBF4E5 /* Grocery.swift in Sources */,
				3B243B271F77546C00BBF4E5 /* OrderUpdate.swift in Sources */,
				3B8127AC1F773042000B556A /* ProfileViewController.swift in Sources */,
				3BCB72F31F76E94F0073A991 /* AppDelegate.swift in Sources */,
				3BD520181F77247400CDCF4C /* MapViewController.swift in Sources */,
				3B243B211F77518200BBF4E5 /* User.swift in Sources */,
			);
			runOnlyForDeploymentPostprocessing = 0;
		};
/* End PBXSourcesBuildPhase section */

/* Begin PBXVariantGroup section */
		3BCB72F61F76E94F0073A991 /* Main.storyboard */ = {
			isa = PBXVariantGroup;
			children = (
				3BCB72F71F76E94F0073A991 /* Base */,
			);
			name = Main.storyboard;
			sourceTree = "<group>";
		};
		3BCB72FB1F76E94F0073A991 /* LaunchScreen.storyboard */ = {
			isa = PBXVariantGroup;
			children = (
				3BCB72FC1F76E94F0073A991 /* Base */,
			);
			name = LaunchScreen.storyboard;
			sourceTree = "<group>";
		};
/* End PBXVariantGroup section */

/* Begin XCBuildConfiguration section */
		3BCB72FF1F76E94F0073A991 /* Debug */ = {
			isa = XCBuildConfiguration;
			buildSettings = {
				ALWAYS_SEARCH_USER_PATHS = NO;
				CLANG_ANALYZER_NONNULL = YES;
				CLANG_ANALYZER_NUMBER_OBJECT_CONVERSION = YES_AGGRESSIVE;
				CLANG_CXX_LANGUAGE_STANDARD = "gnu++14";
				CLANG_CXX_LIBRARY = "libc++";
				CLANG_ENABLE_MODULES = YES;
				CLANG_ENABLE_OBJC_ARC = YES;
				CLANG_WARN_BLOCK_CAPTURE_AUTORELEASING = YES;
				CLANG_WARN_BOOL_CONVERSION = YES;
				CLANG_WARN_COMMA = YES;
				CLANG_WARN_CONSTANT_CONVERSION = YES;
				CLANG_WARN_DIRECT_OBJC_ISA_USAGE = YES_ERROR;
				CLANG_WARN_DOCUMENTATION_COMMENTS = YES;
				CLANG_WARN_EMPTY_BODY = YES;
				CLANG_WARN_ENUM_CONVERSION = YES;
				CLANG_WARN_INFINITE_RECURSION = YES;
				CLANG_WARN_INT_CONVERSION = YES;
				CLANG_WARN_NON_LITERAL_NULL_CONVERSION = YES;
				CLANG_WARN_OBJC_LITERAL_CONVERSION = YES;
				CLANG_WARN_OBJC_ROOT_CLASS = YES_ERROR;
				CLANG_WARN_RANGE_LOOP_ANALYSIS = YES;
				CLANG_WARN_STRICT_PROTOTYPES = YES;
				CLANG_WARN_SUSPICIOUS_MOVE = YES;
				CLANG_WARN_UNGUARDED_AVAILABILITY = YES_AGGRESSIVE;
				CLANG_WARN_UNREACHABLE_CODE = YES;
				CLANG_WARN__DUPLICATE_METHOD_MATCH = YES;
				CODE_SIGN_IDENTITY = "iPhone Developer";
				COPY_PHASE_STRIP = NO;
				DEBUG_INFORMATION_FORMAT = dwarf;
				ENABLE_STRICT_OBJC_MSGSEND = YES;
				ENABLE_TESTABILITY = YES;
				GCC_C_LANGUAGE_STANDARD = gnu11;
				GCC_DYNAMIC_NO_PIC = NO;
				GCC_NO_COMMON_BLOCKS = YES;
				GCC_OPTIMIZATION_LEVEL = 0;
				GCC_PREPROCESSOR_DEFINITIONS = (
					"DEBUG=1",
					"$(inherited)",
				);
				GCC_WARN_64_TO_32_BIT_CONVERSION = YES;
				GCC_WARN_ABOUT_RETURN_TYPE = YES_ERROR;
				GCC_WARN_UNDECLARED_SELECTOR = YES;
				GCC_WARN_UNINITIALIZED_AUTOS = YES_AGGRESSIVE;
				GCC_WARN_UNUSED_FUNCTION = YES;
				GCC_WARN_UNUSED_VARIABLE = YES;
				IPHONEOS_DEPLOYMENT_TARGET = 11.0;
				MTL_ENABLE_DEBUG_INFO = YES;
				ONLY_ACTIVE_ARCH = YES;
				SDKROOT = iphoneos;
				SWIFT_ACTIVE_COMPILATION_CONDITIONS = DEBUG;
				SWIFT_OPTIMIZATION_LEVEL = "-Onone";
			};
			name = Debug;
		};
		3BCB73001F76E94F0073A991 /* Release */ = {
			isa = XCBuildConfiguration;
			buildSettings = {
				ALWAYS_SEARCH_USER_PATHS = NO;
				CLANG_ANALYZER_NONNULL = YES;
				CLANG_ANALYZER_NUMBER_OBJECT_CONVERSION = YES_AGGRESSIVE;
				CLANG_CXX_LANGUAGE_STANDARD = "gnu++14";
				CLANG_CXX_LIBRARY = "libc++";
				CLANG_ENABLE_MODULES = YES;
				CLANG_ENABLE_OBJC_ARC = YES;
				CLANG_WARN_BLOCK_CAPTURE_AUTORELEASING = YES;
				CLANG_WARN_BOOL_CONVERSION = YES;
				CLANG_WARN_COMMA = YES;
				CLANG_WARN_CONSTANT_CONVERSION = YES;
				CLANG_WARN_DIRECT_OBJC_ISA_USAGE = YES_ERROR;
				CLANG_WARN_DOCUMENTATION_COMMENTS = YES;
				CLANG_WARN_EMPTY_BODY = YES;
				CLANG_WARN_ENUM_CONVERSION = YES;
				CLANG_WARN_INFINITE_RECURSION = YES;
				CLANG_WARN_INT_CONVERSION = YES;
				CLANG_WARN_NON_LITERAL_NULL_CONVERSION = YES;
				CLANG_WARN_OBJC_LITERAL_CONVERSION = YES;
				CLANG_WARN_OBJC_ROOT_CLASS = YES_ERROR;
				CLANG_WARN_RANGE_LOOP_ANALYSIS = YES;
				CLANG_WARN_STRICT_PROTOTYPES = YES;
				CLANG_WARN_SUSPICIOUS_MOVE = YES;
				CLANG_WARN_UNGUARDED_AVAILABILITY = YES_AGGRESSIVE;
				CLANG_WARN_UNREACHABLE_CODE = YES;
				CLANG_WARN__DUPLICATE_METHOD_MATCH = YES;
				CODE_SIGN_IDENTITY = "iPhone Developer";
				COPY_PHASE_STRIP = NO;
				DEBUG_INFORMATION_FORMAT = "dwarf-with-dsym";
				ENABLE_NS_ASSERTIONS = NO;
				ENABLE_STRICT_OBJC_MSGSEND = YES;
				GCC_C_LANGUAGE_STANDARD = gnu11;
				GCC_NO_COMMON_BLOCKS = YES;
				GCC_WARN_64_TO_32_BIT_CONVERSION = YES;
				GCC_WARN_ABOUT_RETURN_TYPE = YES_ERROR;
				GCC_WARN_UNDECLARED_SELECTOR = YES;
				GCC_WARN_UNINITIALIZED_AUTOS = YES_AGGRESSIVE;
				GCC_WARN_UNUSED_FUNCTION = YES;
				GCC_WARN_UNUSED_VARIABLE = YES;
				IPHONEOS_DEPLOYMENT_TARGET = 11.0;
				MTL_ENABLE_DEBUG_INFO = NO;
				SDKROOT = iphoneos;
				SWIFT_OPTIMIZATION_LEVEL = "-Owholemodule";
				VALIDATE_PRODUCT = YES;
			};
			name = Release;
		};
		3BCB73021F76E94F0073A991 /* Debug */ = {
			isa = XCBuildConfiguration;
			baseConfigurationReference = 6080D58213642E401D7FB070 /* Pods-locationApp.debug.xcconfig */;
			buildSettings = {
				ASSETCATALOG_COMPILER_APPICON_NAME = AppIcon;
				CODE_SIGN_STYLE = Automatic;
				DEVELOPMENT_TEAM = 882N2G5SJZ;
				INFOPLIST_FILE = locationApp/Info.plist;
				IPHONEOS_DEPLOYMENT_TARGET = 11.0;
				LD_RUNPATH_SEARCH_PATHS = "$(inherited) @executable_path/Frameworks";
				PRODUCT_BUNDLE_IDENTIFIER = desmond.ang.a0093896H.locationApp;
				PRODUCT_NAME = "$(TARGET_NAME)";
				SWIFT_VERSION = 3.0;
				TARGETED_DEVICE_FAMILY = "1,2";
			};
			name = Debug;
		};
		3BCB73031F76E94F0073A991 /* Release */ = {
			isa = XCBuildConfiguration;
			baseConfigurationReference = CF30C13C7EBA62DA9F018697 /* Pods-locationApp.release.xcconfig */;
			buildSettings = {
				ASSETCATALOG_COMPILER_APPICON_NAME = AppIcon;
				CODE_SIGN_STYLE = Automatic;
				DEVELOPMENT_TEAM = 882N2G5SJZ;
				INFOPLIST_FILE = locationApp/Info.plist;
				IPHONEOS_DEPLOYMENT_TARGET = 11.0;
				LD_RUNPATH_SEARCH_PATHS = "$(inherited) @executable_path/Frameworks";
				PRODUCT_BUNDLE_IDENTIFIER = desmond.ang.a0093896H.locationApp;
				PRODUCT_NAME = "$(TARGET_NAME)";
				SWIFT_VERSION = 3.0;
				TARGETED_DEVICE_FAMILY = "1,2";
			};
			name = Release;
		};
/* End XCBuildConfiguration section */

/* Begin XCConfigurationList section */
		3BCB72EA1F76E94F0073A991 /* Build configuration list for PBXProject "locationApp" */ = {
			isa = XCConfigurationList;
			buildConfigurations = (
				3BCB72FF1F76E94F0073A991 /* Debug */,
				3BCB73001F76E94F0073A991 /* Release */,
			);
			defaultConfigurationIsVisible = 0;
			defaultConfigurationName = Release;
		};
		3BCB73011F76E94F0073A991 /* Build configuration list for PBXNativeTarget "locationApp" */ = {
			isa = XCConfigurationList;
			buildConfigurations = (
				3BCB73021F76E94F0073A991 /* Debug */,
				3BCB73031F76E94F0073A991 /* Release */,
			);
			defaultConfigurationIsVisible = 0;
			defaultConfigurationName = Release;
		};
/* End XCConfigurationList section */
	};
	rootObject = 3BCB72E71F76E94F0073A991 /* Project object */;
}
